
Microsoft Visual Studio Solution File, Format Version 12.00
# Visual Studio Version 17
VisualStudioVersion = 17.5.002.0
MinimumVisualStudioVersion = 10.0.40219.1
Project("{9A19103F-16F7-4668-BE54-9A1E7A4F7556}") = "Guitar_World", "Guitar_World.csproj", "{C1DCDB58-44F7-44E1-8403-086662F61091}"
EndProject
Global
	GlobalSection(SolutionConfigurationPlatforms) = preSolution
		Debug|Any CPU = Debug|Any CPU
		Release|Any CPU = Release|Any CPU
	EndGlobalSection
	GlobalSection(ProjectConfigurationPlatforms) = postSolution
		{C1DCDB58-44F7-44E1-8403-086662F61091}.Debug|Any CPU.ActiveCfg = Debug|Any CPU
		{C1DCDB58-44F7-44E1-8403-086662F61091}.Debug|Any CPU.Build.0 = Debug|Any CPU
		{C1DCDB58-44F7-44E1-8403-086662F61091}.Release|Any CPU.ActiveCfg = Release|Any CPU
		{C1DCDB58-44F7-44E1-8403-086662F61091}.Release|Any CPU.Build.0 = Release|Any CPU
	EndGlobalSection
	GlobalSection(SolutionProperties) = preSolution
		HideSolutionNode = FALSE
	EndGlobalSection
	GlobalSection(ExtensibilityGlobals) = postSolution
		SolutionGuid = {C46A59CC-B7F7-4C45-8B71-41FEFF19E9EE}
	EndGlobalSection
EndGlobal
